
Microsoft Visual Studio Solution File, Format Version 12.00
# Visual Studio 15
VisualStudioVersion = 15.0.26430.14
MinimumVisualStudioVersion = 10.0.40219.1
Project("{9A19103F-16F7-4668-BE54-9A1E7A4F7556}") = "DeckOfCards", "DeckOfCards\DeckOfCards.csproj", "{F104F7C6-341A-4D28-A5E9-9BB5A8568E6D}"
EndProject
Project("{FAE04EC0-301F-11D3-BF4B-00C04F79EFBC}") = "DeckOfCardsTests", "DeckOfCardsTests\DeckOfCardsTests.csproj", "{EE8AC258-8752-4A43-B48F-0169B6FE2096}"
EndProject
Global
	GlobalSection(SolutionConfigurationPlatforms) = preSolution
		Debug|Any CPU = Debug|Any CPU
		Release|Any CPU = Release|Any CPU
	EndGlobalSection
	GlobalSection(ProjectConfigurationPlatforms) = postSolution
		{F104F7C6-341A-4D28-A5E9-9BB5A8568E6D}.Debug|Any CPU.ActiveCfg = Debug|Any CPU
		{F104F7C6-341A-4D28-A5E9-9BB5A8568E6D}.Debug|Any CPU.Build.0 = Debug|Any CPU
		{F104F7C6-341A-4D28-A5E9-9BB5A8568E6D}.Release|Any CPU.ActiveCfg = Release|Any CPU
		{F104F7C6-341A-4D28-A5E9-9BB5A8568E6D}.Release|Any CPU.Build.0 = Release|Any CPU
		{EE8AC258-8752-4A43-B48F-0169B6FE2096}.Debug|Any CPU.ActiveCfg = Debug|Any CPU
		{EE8AC258-8752-4A43-B48F-0169B6FE2096}.Debug|Any CPU.Build.0 = Debug|Any CPU
		{EE8AC258-8752-4A43-B48F-0169B6FE2096}.Release|Any CPU.ActiveCfg = Release|Any CPU
		{EE8AC258-8752-4A43-B48F-0169B6FE2096}.Release|Any CPU.Build.0 = Release|Any CPU
	EndGlobalSection
	GlobalSection(SolutionProperties) = preSolution
		HideSolutionNode = FALSE
	EndGlobalSection
	GlobalSection(ExtensibilityGlobals) = postSolution
		SolutionGuid = {567A2F47-806A-436A-BC11-2B0401D6579A}
	EndGlobalSection
EndGlobal
